
Microsoft Visual Studio Solution File, Format Version 12.00
# Visual Studio Version 16
VisualStudioVersion = 16.0.30114.105
MinimumVisualStudioVersion = 10.0.40219.1
Project("{FAE04EC0-301F-11D3-BF4B-00C04F79EFBC}") = "Penguin.Cms.Security.Repositories.Local", "Penguin.Cms.Security.Repositories.Local.csproj", "{18EF5021-BFFE-4EAE-A002-BCE670F69403}"
EndProject
Project("{FAE04EC0-301F-11D3-BF4B-00C04F79EFBC}") = "Penguin.Cms.Security.Local", "..\Penguin.Cms.Security\Penguin.Cms.Security.Local.csproj", "{903FD01D-AAF2-4059-B8C9-16793D6F5871}"
EndProject
Project("{FAE04EC0-301F-11D3-BF4B-00C04F79EFBC}") = "Penguin.Auditing.Abstractions.Local", "..\Penguin.Auditing.Abstractions\Penguin.Auditing.Abstractions.Local.csproj", "{2339E11A-27EA-4F5E-B28E-E873052AD8F9}"
EndProject
Project("{FAE04EC0-301F-11D3-BF4B-00C04F79EFBC}") = "Penguin.Cms.Email.Abstractions.Local", "..\Penguin.Cms.Email.Abstractions\Penguin.Cms.Email.Abstractions.Local.csproj", "{982CD8A4-0542-49C9-B93D-2F9FA643A34D}"
EndProject
Project("{FAE04EC0-301F-11D3-BF4B-00C04F79EFBC}") = "Penguin.Email.Abstractions.Local", "..\Penguin.Email.Abstractions\Penguin.Email.Abstractions.Local.csproj", "{5AF44B29-6531-431D-906B-D2EF4B16BBE3}"
EndProject
Project("{FAE04EC0-301F-11D3-BF4B-00C04F79EFBC}") = "Penguin.Files.Abstractions.Local", "..\Penguin.Files.Abstractions\Penguin.Files.Abstractions.Local.csproj", "{599A7581-CEFD-4490-8BCC-579EA0200837}"
EndProject
Project("{FAE04EC0-301F-11D3-BF4B-00C04F79EFBC}") = "Penguin.Email.Templating.Abstractions.Local", "..\Penguin.Email.Templating.Abstractions\Penguin.Email.Templating.Abstractions.Local.csproj", "{A2DB655D-0D8B-465D-AA19-3A1B240E4B21}"
EndProject
Project("{FAE04EC0-301F-11D3-BF4B-00C04F79EFBC}") = "Penguin.Templating.Abstractions.Local", "..\Penguin.Templating.Abstractions\Penguin.Templating.Abstractions.Local.csproj", "{7354D2FC-F857-4BBE-A7EC-8C3886B0DACC}"
EndProject
Project("{FAE04EC0-301F-11D3-BF4B-00C04F79EFBC}") = "Penguin.Security.Abstractions.Local", "..\Penguin.Security.Abstractions\Penguin.Security.Abstractions.Local.csproj", "{EBF52700-F793-403A-BE4C-3E3C0B93D8F7}"
EndProject
Project("{FAE04EC0-301F-11D3-BF4B-00C04F79EFBC}") = "Penguin.Cms.Abstractions.Local", "..\Penguin.Cms.Abstractions\Penguin.Cms.Abstractions.Local.csproj", "{E78AFFE5-B0C9-4067-AE81-87566D3812E8}"
EndProject
Project("{FAE04EC0-301F-11D3-BF4B-00C04F79EFBC}") = "Penguin.DependencyInjection.Abstractions.Local", "..\Penguin.DependencyInjection.Abstractions\Penguin.DependencyInjection.Abstractions.Local.csproj", "{03A1EBA0-887E-44F3-8691-2ACF998BA057}"
EndProject
Project("{FAE04EC0-301F-11D3-BF4B-00C04F79EFBC}") = "Penguin.Persistence.Abstractions.Local", "..\Penguin.Persistence.Abstractions\Penguin.Persistence.Abstractions.Local.csproj", "{D825B712-3148-408E-AE23-C61FF6B98791}"
EndProject
Project("{FAE04EC0-301F-11D3-BF4B-00C04F79EFBC}") = "Penguin.Entities.Abstractions.Local", "..\Penguin.Entities.Abstractions\Penguin.Entities.Abstractions.Local.csproj", "{ECD0C481-320B-45C9-B078-021B0AF3D43C}"
EndProject
Project("{FAE04EC0-301F-11D3-BF4B-00C04F79EFBC}") = "Penguin.Reflection.Extensions.Local", "..\Penguin.Reflection.Extensions\Penguin.Reflection.Extensions.Local.csproj", "{63C6A7B6-2DB5-4782-A317-746354C2A09C}"
EndProject
Project("{FAE04EC0-301F-11D3-BF4B-00C04F79EFBC}") = "Penguin.Reflection.Abstractions.Local", "..\Penguin.Reflection.Abstractions\Penguin.Reflection.Abstractions.Local.csproj", "{5DA5A7E0-93F4-4A37-8AC6-9957DFB4AA64}"
EndProject
Project("{FAE04EC0-301F-11D3-BF4B-00C04F79EFBC}") = "Penguin.Extensions.String.Local", "..\Penguin.Extensions.String\Penguin.Extensions.String.Local.csproj", "{55A8DB22-96AD-4954-BF78-9331BDD0E2EE}"
EndProject
Project("{FAE04EC0-301F-11D3-BF4B-00C04F79EFBC}") = "Penguin.Cms.Entities.Local", "..\Penguin.Cms.Entities\Penguin.Cms.Entities.Local.csproj", "{7B815EFD-86B3-4AF2-8D82-FB2438AA9AE7}"
EndProject
Project("{FAE04EC0-301F-11D3-BF4B-00C04F79EFBC}") = "Penguin.Cms.Repositories.Local", "..\Penguin.Cms.Repositories\Penguin.Cms.Repositories.Local.csproj", "{099D8AA2-C507-41D5-B020-F51BFAC03EE5}"
EndProject
Project("{FAE04EC0-301F-11D3-BF4B-00C04F79EFBC}") = "Penguin.Persistence.Repositories.Local", "..\Penguin.Persistence.Repositories\Penguin.Persistence.Repositories.Local.csproj", "{69498D56-2B83-46B8-9192-A06DFC320D0E}"
EndProject
Project("{FAE04EC0-301F-11D3-BF4B-00C04F79EFBC}") = "Penguin.Messaging.Persistence.Local", "..\Penguin.Messaging.Persistence\Penguin.Messaging.Persistence.Local.csproj", "{9C90AF1F-9D4D-4826-9EC9-8DDC34980F4C}"
EndProject
Project("{FAE04EC0-301F-11D3-BF4B-00C04F79EFBC}") = "Penguin.Messaging.Abstractions.Local", "..\Penguin.Messaging.Abstractions\Penguin.Messaging.Abstractions.Local.csproj", "{E395A501-563C-4D40-B82D-3B2AF2006A3D}"
EndProject
Project("{FAE04EC0-301F-11D3-BF4B-00C04F79EFBC}") = "Penguin.Messaging.Core.Local", "..\Penguin.Messaging.Core\Penguin.Messaging.Core.Local.csproj", "{A585F742-B2E9-4D55-A760-FF0373266F17}"
EndProject
Project("{FAE04EC0-301F-11D3-BF4B-00C04F79EFBC}") = "Penguin.Debugging.Local", "..\Penguin.Debugging\Penguin.Debugging.Local.csproj", "{64B94EA6-EED7-4C88-8E96-A778C8B5F0D8}"
EndProject
Project("{FAE04EC0-301F-11D3-BF4B-00C04F79EFBC}") = "Penguin.Extensions.Exceptions.Local", "..\Penguin.Extensions.Exceptions\Penguin.Extensions.Exceptions.Local.csproj", "{9E68A71F-0B98-4C1F-8D58-370728D043B2}"
EndProject
Project("{FAE04EC0-301F-11D3-BF4B-00C04F79EFBC}") = "Penguin.Reflection.Local", "..\Penguin.Reflection\Penguin.Reflection.Local.csproj", "{3FE7746C-CB16-4F56-9E31-293F26159D34}"
EndProject
Global
	GlobalSection(SolutionConfigurationPlatforms) = preSolution
		Debug|Any CPU = Debug|Any CPU
		Debug|x64 = Debug|x64
		Debug|x86 = Debug|x86
		Release|Any CPU = Release|Any CPU
		Release|x64 = Release|x64
		Release|x86 = Release|x86
	EndGlobalSection
	GlobalSection(SolutionProperties) = preSolution
		HideSolutionNode = FALSE
	EndGlobalSection
	GlobalSection(ProjectConfigurationPlatforms) = postSolution
		{18EF5021-BFFE-4EAE-A002-BCE670F69403}.Debug|Any CPU.ActiveCfg = Debug|Any CPU
		{18EF5021-BFFE-4EAE-A002-BCE670F69403}.Debug|Any CPU.Build.0 = Debug|Any CPU
		{18EF5021-BFFE-4EAE-A002-BCE670F69403}.Debug|x64.ActiveCfg = Debug|Any CPU
		{18EF5021-BFFE-4EAE-A002-BCE670F69403}.Debug|x64.Build.0 = Debug|Any CPU
		{18EF5021-BFFE-4EAE-A002-BCE670F69403}.Debug|x86.ActiveCfg = Debug|Any CPU
		{18EF5021-BFFE-4EAE-A002-BCE670F69403}.Debug|x86.Build.0 = Debug|Any CPU
		{18EF5021-BFFE-4EAE-A002-BCE670F69403}.Release|Any CPU.ActiveCfg = Release|Any CPU
		{18EF5021-BFFE-4EAE-A002-BCE670F69403}.Release|Any CPU.Build.0 = Release|Any CPU
		{18EF5021-BFFE-4EAE-A002-BCE670F69403}.Release|x64.ActiveCfg = Release|Any CPU
		{18EF5021-BFFE-4EAE-A002-BCE670F69403}.Release|x64.Build.0 = Release|Any CPU
		{18EF5021-BFFE-4EAE-A002-BCE670F69403}.Release|x86.ActiveCfg = Release|Any CPU
		{18EF5021-BFFE-4EAE-A002-BCE670F69403}.Release|x86.Build.0 = Release|Any CPU
		{903FD01D-AAF2-4059-B8C9-16793D6F5871}.Debug|Any CPU.ActiveCfg = Debug|Any CPU
		{903FD01D-AAF2-4059-B8C9-16793D6F5871}.Debug|Any CPU.Build.0 = Debug|Any CPU
		{903FD01D-AAF2-4059-B8C9-16793D6F5871}.Debug|x64.ActiveCfg = Debug|Any CPU
		{903FD01D-AAF2-4059-B8C9-16793D6F5871}.Debug|x64.Build.0 = Debug|Any CPU
		{903FD01D-AAF2-4059-B8C9-16793D6F5871}.Debug|x86.ActiveCfg = Debug|Any CPU
		{903FD01D-AAF2-4059-B8C9-16793D6F5871}.Debug|x86.Build.0 = Debug|Any CPU
		{903FD01D-AAF2-4059-B8C9-16793D6F5871}.Release|Any CPU.ActiveCfg = Release|Any CPU
		{903FD01D-AAF2-4059-B8C9-16793D6F5871}.Release|Any CPU.Build.0 = Release|Any CPU
		{903FD01D-AAF2-4059-B8C9-16793D6F5871}.Release|x64.ActiveCfg = Release|Any CPU
		{903FD01D-AAF2-4059-B8C9-16793D6F5871}.Release|x64.Build.0 = Release|Any CPU
		{903FD01D-AAF2-4059-B8C9-16793D6F5871}.Release|x86.ActiveCfg = Release|Any CPU
		{903FD01D-AAF2-4059-B8C9-16793D6F5871}.Release|x86.Build.0 = Release|Any CPU
		{2339E11A-27EA-4F5E-B28E-E873052AD8F9}.Debug|Any CPU.ActiveCfg = Debug|Any CPU
		{2339E11A-27EA-4F5E-B28E-E873052AD8F9}.Debug|Any CPU.Build.0 = Debug|Any CPU
		{2339E11A-27EA-4F5E-B28E-E873052AD8F9}.Debug|x64.ActiveCfg = Debug|Any CPU
		{2339E11A-27EA-4F5E-B28E-E873052AD8F9}.Debug|x64.Build.0 = Debug|Any CPU
		{2339E11A-27EA-4F5E-B28E-E873052AD8F9}.Debug|x86.ActiveCfg = Debug|Any CPU
		{2339E11A-27EA-4F5E-B28E-E873052AD8F9}.Debug|x86.Build.0 = Debug|Any CPU
		{2339E11A-27EA-4F5E-B28E-E873052AD8F9}.Release|Any CPU.ActiveCfg = Release|Any CPU
		{2339E11A-27EA-4F5E-B28E-E873052AD8F9}.Release|Any CPU.Build.0 = Release|Any CPU
		{2339E11A-27EA-4F5E-B28E-E873052AD8F9}.Release|x64.ActiveCfg = Release|Any CPU
		{2339E11A-27EA-4F5E-B28E-E873052AD8F9}.Release|x64.Build.0 = Release|Any CPU
		{2339E11A-27EA-4F5E-B28E-E873052AD8F9}.Release|x86.ActiveCfg = Release|Any CPU
		{2339E11A-27EA-4F5E-B28E-E873052AD8F9}.Release|x86.Build.0 = Release|Any CPU
		{982CD8A4-0542-49C9-B93D-2F9FA643A34D}.Debug|Any CPU.ActiveCfg = Debug|Any CPU
		{982CD8A4-0542-49C9-B93D-2F9FA643A34D}.Debug|Any CPU.Build.0 = Debug|Any CPU
		{982CD8A4-0542-49C9-B93D-2F9FA643A34D}.Debug|x64.ActiveCfg = Debug|Any CPU
		{982CD8A4-0542-49C9-B93D-2F9FA643A34D}.Debug|x64.Build.0 = Debug|Any CPU
		{982CD8A4-0542-49C9-B93D-2F9FA643A34D}.Debug|x86.ActiveCfg = Debug|Any CPU
		{982CD8A4-0542-49C9-B93D-2F9FA643A34D}.Debug|x86.Build.0 = Debug|Any CPU
		{982CD8A4-0542-49C9-B93D-2F9FA643A34D}.Release|Any CPU.ActiveCfg = Release|Any CPU
		{982CD8A4-0542-49C9-B93D-2F9FA643A34D}.Release|Any CPU.Build.0 = Release|Any CPU
		{982CD8A4-0542-49C9-B93D-2F9FA643A34D}.Release|x64.ActiveCfg = Release|Any CPU
		{982CD8A4-0542-49C9-B93D-2F9FA643A34D}.Release|x64.Build.0 = Release|Any CPU
		{982CD8A4-0542-49C9-B93D-2F9FA643A34D}.Release|x86.ActiveCfg = Release|Any CPU
		{982CD8A4-0542-49C9-B93D-2F9FA643A34D}.Release|x86.Build.0 = Release|Any CPU
		{5AF44B29-6531-431D-906B-D2EF4B16BBE3}.Debug|Any CPU.ActiveCfg = Debug|Any CPU
		{5AF44B29-6531-431D-906B-D2EF4B16BBE3}.Debug|Any CPU.Build.0 = Debug|Any CPU
		{5AF44B29-6531-431D-906B-D2EF4B16BBE3}.Debug|x64.ActiveCfg = Debug|Any CPU
		{5AF44B29-6531-431D-906B-D2EF4B16BBE3}.Debug|x64.Build.0 = Debug|Any CPU
		{5AF44B29-6531-431D-906B-D2EF4B16BBE3}.Debug|x86.ActiveCfg = Debug|Any CPU
		{5AF44B29-6531-431D-906B-D2EF4B16BBE3}.Debug|x86.Build.0 = Debug|Any CPU
		{5AF44B29-6531-431D-906B-D2EF4B16BBE3}.Release|Any CPU.ActiveCfg = Release|Any CPU
		{5AF44B29-6531-431D-906B-D2EF4B16BBE3}.Release|Any CPU.Build.0 = Release|Any CPU
		{5AF44B29-6531-431D-906B-D2EF4B16BBE3}.Release|x64.ActiveCfg = Release|Any CPU
		{5AF44B29-6531-431D-906B-D2EF4B16BBE3}.Release|x64.Build.0 = Release|Any CPU
		{5AF44B29-6531-431D-906B-D2EF4B16BBE3}.Release|x86.ActiveCfg = Release|Any CPU
		{5AF44B29-6531-431D-906B-D2EF4B16BBE3}.Release|x86.Build.0 = Release|Any CPU
		{599A7581-CEFD-4490-8BCC-579EA0200837}.Debug|Any CPU.ActiveCfg = Debug|Any CPU
		{599A7581-CEFD-4490-8BCC-579EA0200837}.Debug|Any CPU.Build.0 = Debug|Any CPU
		{599A7581-CEFD-4490-8BCC-579EA0200837}.Debug|x64.ActiveCfg = Debug|Any CPU
		{599A7581-CEFD-4490-8BCC-579EA0200837}.Debug|x64.Build.0 = Debug|Any CPU
		{599A7581-CEFD-4490-8BCC-579EA0200837}.Debug|x86.ActiveCfg = Debug|Any CPU
		{599A7581-CEFD-4490-8BCC-579EA0200837}.Debug|x86.Build.0 = Debug|Any CPU
		{599A7581-CEFD-4490-8BCC-579EA0200837}.Release|Any CPU.ActiveCfg = Release|Any CPU
		{599A7581-CEFD-4490-8BCC-579EA0200837}.Release|Any CPU.Build.0 = Release|Any CPU
		{599A7581-CEFD-4490-8BCC-579EA0200837}.Release|x64.ActiveCfg = Release|Any CPU
		{599A7581-CEFD-4490-8BCC-579EA0200837}.Release|x64.Build.0 = Release|Any CPU
		{599A7581-CEFD-4490-8BCC-579EA0200837}.Release|x86.ActiveCfg = Release|Any CPU
		{599A7581-CEFD-4490-8BCC-579EA0200837}.Release|x86.Build.0 = Release|Any CPU
		{A2DB655D-0D8B-465D-AA19-3A1B240E4B21}.Debug|Any CPU.ActiveCfg = Debug|Any CPU
		{A2DB655D-0D8B-465D-AA19-3A1B240E4B21}.Debug|Any CPU.Build.0 = Debug|Any CPU
		{A2DB655D-0D8B-465D-AA19-3A1B240E4B21}.Debug|x64.ActiveCfg = Debug|Any CPU
		{A2DB655D-0D8B-465D-AA19-3A1B240E4B21}.Debug|x64.Build.0 = Debug|Any CPU
		{A2DB655D-0D8B-465D-AA19-3A1B240E4B21}.Debug|x86.ActiveCfg = Debug|Any CPU
		{A2DB655D-0D8B-465D-AA19-3A1B240E4B21}.Debug|x86.Build.0 = Debug|Any CPU
		{A2DB655D-0D8B-465D-AA19-3A1B240E4B21}.Release|Any CPU.ActiveCfg = Release|Any CPU
		{A2DB655D-0D8B-465D-AA19-3A1B240E4B21}.Release|Any CPU.Build.0 = Release|Any CPU
		{A2DB655D-0D8B-465D-AA19-3A1B240E4B21}.Release|x64.ActiveCfg = Release|Any CPU
		{A2DB655D-0D8B-465D-AA19-3A1B240E4B21}.Release|x64.Build.0 = Release|Any CPU
		{A2DB655D-0D8B-465D-AA19-3A1B240E4B21}.Release|x86.ActiveCfg = Release|Any CPU
		{A2DB655D-0D8B-465D-AA19-3A1B240E4B21}.Release|x86.Build.0 = Release|Any CPU
		{7354D2FC-F857-4BBE-A7EC-8C3886B0DACC}.Debug|Any CPU.ActiveCfg = Debug|Any CPU
		{7354D2FC-F857-4BBE-A7EC-8C3886B0DACC}.Debug|Any CPU.Build.0 = Debug|Any CPU
		{7354D2FC-F857-4BBE-A7EC-8C3886B0DACC}.Debug|x64.ActiveCfg = Debug|Any CPU
		{7354D2FC-F857-4BBE-A7EC-8C3886B0DACC}.Debug|x64.Build.0 = Debug|Any CPU
		{7354D2FC-F857-4BBE-A7EC-8C3886B0DACC}.Debug|x86.ActiveCfg = Debug|Any CPU
		{7354D2FC-F857-4BBE-A7EC-8C3886B0DACC}.Debug|x86.Build.0 = Debug|Any CPU
		{7354D2FC-F857-4BBE-A7EC-8C3886B0DACC}.Release|Any CPU.ActiveCfg = Release|Any CPU
		{7354D2FC-F857-4BBE-A7EC-8C3886B0DACC}.Release|Any CPU.Build.0 = Release|Any CPU
		{7354D2FC-F857-4BBE-A7EC-8C3886B0DACC}.Release|x64.ActiveCfg = Release|Any CPU
		{7354D2FC-F857-4BBE-A7EC-8C3886B0DACC}.Release|x64.Build.0 = Release|Any CPU
		{7354D2FC-F857-4BBE-A7EC-8C3886B0DACC}.Release|x86.ActiveCfg = Release|Any CPU
		{7354D2FC-F857-4BBE-A7EC-8C3886B0DACC}.Release|x86.Build.0 = Release|Any CPU
		{EBF52700-F793-403A-BE4C-3E3C0B93D8F7}.Debug|Any CPU.ActiveCfg = Debug|Any CPU
		{EBF52700-F793-403A-BE4C-3E3C0B93D8F7}.Debug|Any CPU.Build.0 = Debug|Any CPU
		{EBF52700-F793-403A-BE4C-3E3C0B93D8F7}.Debug|x64.ActiveCfg = Debug|Any CPU
		{EBF52700-F793-403A-BE4C-3E3C0B93D8F7}.Debug|x64.Build.0 = Debug|Any CPU
		{EBF52700-F793-403A-BE4C-3E3C0B93D8F7}.Debug|x86.ActiveCfg = Debug|Any CPU
		{EBF52700-F793-403A-BE4C-3E3C0B93D8F7}.Debug|x86.Build.0 = Debug|Any CPU
		{EBF52700-F793-403A-BE4C-3E3C0B93D8F7}.Release|Any CPU.ActiveCfg = Release|Any CPU
		{EBF52700-F793-403A-BE4C-3E3C0B93D8F7}.Release|Any CPU.Build.0 = Release|Any CPU
		{EBF52700-F793-403A-BE4C-3E3C0B93D8F7}.Release|x64.ActiveCfg = Release|Any CPU
		{EBF52700-F793-403A-BE4C-3E3C0B93D8F7}.Release|x64.Build.0 = Release|Any CPU
		{EBF52700-F793-403A-BE4C-3E3C0B93D8F7}.Release|x86.ActiveCfg = Release|Any CPU
		{EBF52700-F793-403A-BE4C-3E3C0B93D8F7}.Release|x86.Build.0 = Release|Any CPU
		{E78AFFE5-B0C9-4067-AE81-87566D3812E8}.Debug|Any CPU.ActiveCfg = Debug|Any CPU
		{E78AFFE5-B0C9-4067-AE81-87566D3812E8}.Debug|Any CPU.Build.0 = Debug|Any CPU
		{E78AFFE5-B0C9-4067-AE81-87566D3812E8}.Debug|x64.ActiveCfg = Debug|Any CPU
		{E78AFFE5-B0C9-4067-AE81-87566D3812E8}.Debug|x64.Build.0 = Debug|Any CPU
		{E78AFFE5-B0C9-4067-AE81-87566D3812E8}.Debug|x86.ActiveCfg = Debug|Any CPU
		{E78AFFE5-B0C9-4067-AE81-87566D3812E8}.Debug|x86.Build.0 = Debug|Any CPU
		{E78AFFE5-B0C9-4067-AE81-87566D3812E8}.Release|Any CPU.ActiveCfg = Release|Any CPU
		{E78AFFE5-B0C9-4067-AE81-87566D3812E8}.Release|Any CPU.Build.0 = Release|Any CPU
		{E78AFFE5-B0C9-4067-AE81-87566D3812E8}.Release|x64.ActiveCfg = Release|Any CPU
		{E78AFFE5-B0C9-4067-AE81-87566D3812E8}.Release|x64.Build.0 = Release|Any CPU
		{E78AFFE5-B0C9-4067-AE81-87566D3812E8}.Release|x86.ActiveCfg = Release|Any CPU
		{E78AFFE5-B0C9-4067-AE81-87566D3812E8}.Release|x86.Build.0 = Release|Any CPU
		{03A1EBA0-887E-44F3-8691-2ACF998BA057}.Debug|Any CPU.ActiveCfg = Debug|Any CPU
		{03A1EBA0-887E-44F3-8691-2ACF998BA057}.Debug|Any CPU.Build.0 = Debug|Any CPU
		{03A1EBA0-887E-44F3-8691-2ACF998BA057}.Debug|x64.ActiveCfg = Debug|Any CPU
		{03A1EBA0-887E-44F3-8691-2ACF998BA057}.Debug|x64.Build.0 = Debug|Any CPU
		{03A1EBA0-887E-44F3-8691-2ACF998BA057}.Debug|x86.ActiveCfg = Debug|Any CPU
		{03A1EBA0-887E-44F3-8691-2ACF998BA057}.Debug|x86.Build.0 = Debug|Any CPU
		{03A1EBA0-887E-44F3-8691-2ACF998BA057}.Release|Any CPU.ActiveCfg = Release|Any CPU
		{03A1EBA0-887E-44F3-8691-2ACF998BA057}.Release|Any CPU.Build.0 = Release|Any CPU
		{03A1EBA0-887E-44F3-8691-2ACF998BA057}.Release|x64.ActiveCfg = Release|Any CPU
		{03A1EBA0-887E-44F3-8691-2ACF998BA057}.Release|x64.Build.0 = Release|Any CPU
		{03A1EBA0-887E-44F3-8691-2ACF998BA057}.Release|x86.ActiveCfg = Release|Any CPU
		{03A1EBA0-887E-44F3-8691-2ACF998BA057}.Release|x86.Build.0 = Release|Any CPU
		{D825B712-3148-408E-AE23-C61FF6B98791}.Debug|Any CPU.ActiveCfg = Debug|Any CPU
		{D825B712-3148-408E-AE23-C61FF6B98791}.Debug|Any CPU.Build.0 = Debug|Any CPU
		{D825B712-3148-408E-AE23-C61FF6B98791}.Debug|x64.ActiveCfg = Debug|Any CPU
		{D825B712-3148-408E-AE23-C61FF6B98791}.Debug|x64.Build.0 = Debug|Any CPU
		{D825B712-3148-408E-AE23-C61FF6B98791}.Debug|x86.ActiveCfg = Debug|Any CPU
		{D825B712-3148-408E-AE23-C61FF6B98791}.Debug|x86.Build.0 = Debug|Any CPU
		{D825B712-3148-408E-AE23-C61FF6B98791}.Release|Any CPU.ActiveCfg = Release|Any CPU
		{D825B712-3148-408E-AE23-C61FF6B98791}.Release|Any CPU.Build.0 = Release|Any CPU
		{D825B712-3148-408E-AE23-C61FF6B98791}.Release|x64.ActiveCfg = Release|Any CPU
		{D825B712-3148-408E-AE23-C61FF6B98791}.Release|x64.Build.0 = Release|Any CPU
		{D825B712-3148-408E-AE23-C61FF6B98791}.Release|x86.ActiveCfg = Release|Any CPU
		{D825B712-3148-408E-AE23-C61FF6B98791}.Release|x86.Build.0 = Release|Any CPU
		{ECD0C481-320B-45C9-B078-021B0AF3D43C}.Debug|Any CPU.ActiveCfg = Debug|Any CPU
		{ECD0C481-320B-45C9-B078-021B0AF3D43C}.Debug|Any CPU.Build.0 = Debug|Any CPU
		{ECD0C481-320B-45C9-B078-021B0AF3D43C}.Debug|x64.ActiveCfg = Debug|Any CPU
		{ECD0C481-320B-45C9-B078-021B0AF3D43C}.Debug|x64.Build.0 = Debug|Any CPU
		{ECD0C481-320B-45C9-B078-021B0AF3D43C}.Debug|x86.ActiveCfg = Debug|Any CPU
		{ECD0C481-320B-45C9-B078-021B0AF3D43C}.Debug|x86.Build.0 = Debug|Any CPU
		{ECD0C481-320B-45C9-B078-021B0AF3D43C}.Release|Any CPU.ActiveCfg = Release|Any CPU
		{ECD0C481-320B-45C9-B078-021B0AF3D43C}.Release|Any CPU.Build.0 = Release|Any CPU
		{ECD0C481-320B-45C9-B078-021B0AF3D43C}.Release|x64.ActiveCfg = Release|Any CPU
		{ECD0C481-320B-45C9-B078-021B0AF3D43C}.Release|x64.Build.0 = Release|Any CPU
		{ECD0C481-320B-45C9-B078-021B0AF3D43C}.Release|x86.ActiveCfg = Release|Any CPU
		{ECD0C481-320B-45C9-B078-021B0AF3D43C}.Release|x86.Build.0 = Release|Any CPU
		{63C6A7B6-2DB5-4782-A317-746354C2A09C}.Debug|Any CPU.ActiveCfg = Debug|Any CPU
		{63C6A7B6-2DB5-4782-A317-746354C2A09C}.Debug|Any CPU.Build.0 = Debug|Any CPU
		{63C6A7B6-2DB5-4782-A317-746354C2A09C}.Debug|x64.ActiveCfg = Debug|Any CPU
		{63C6A7B6-2DB5-4782-A317-746354C2A09C}.Debug|x64.Build.0 = Debug|Any CPU
		{63C6A7B6-2DB5-4782-A317-746354C2A09C}.Debug|x86.ActiveCfg = Debug|Any CPU
		{63C6A7B6-2DB5-4782-A317-746354C2A09C}.Debug|x86.Build.0 = Debug|Any CPU
		{63C6A7B6-2DB5-4782-A317-746354C2A09C}.Release|Any CPU.ActiveCfg = Release|Any CPU
		{63C6A7B6-2DB5-4782-A317-746354C2A09C}.Release|Any CPU.Build.0 = Release|Any CPU
		{63C6A7B6-2DB5-4782-A317-746354C2A09C}.Release|x64.ActiveCfg = Release|Any CPU
		{63C6A7B6-2DB5-4782-A317-746354C2A09C}.Release|x64.Build.0 = Release|Any CPU
		{63C6A7B6-2DB5-4782-A317-746354C2A09C}.Release|x86.ActiveCfg = Release|Any CPU
		{63C6A7B6-2DB5-4782-A317-746354C2A09C}.Release|x86.Build.0 = Release|Any CPU
		{5DA5A7E0-93F4-4A37-8AC6-9957DFB4AA64}.Debug|Any CPU.ActiveCfg = Debug|Any CPU
		{5DA5A7E0-93F4-4A37-8AC6-9957DFB4AA64}.Debug|Any CPU.Build.0 = Debug|Any CPU
		{5DA5A7E0-93F4-4A37-8AC6-9957DFB4AA64}.Debug|x64.ActiveCfg = Debug|Any CPU
		{5DA5A7E0-93F4-4A37-8AC6-9957DFB4AA64}.Debug|x64.Build.0 = Debug|Any CPU
		{5DA5A7E0-93F4-4A37-8AC6-9957DFB4AA64}.Debug|x86.ActiveCfg = Debug|Any CPU
		{5DA5A7E0-93F4-4A37-8AC6-9957DFB4AA64}.Debug|x86.Build.0 = Debug|Any CPU
		{5DA5A7E0-93F4-4A37-8AC6-9957DFB4AA64}.Release|Any CPU.ActiveCfg = Release|Any CPU
		{5DA5A7E0-93F4-4A37-8AC6-9957DFB4AA64}.Release|Any CPU.Build.0 = Release|Any CPU
		{5DA5A7E0-93F4-4A37-8AC6-9957DFB4AA64}.Release|x64.ActiveCfg = Release|Any CPU
		{5DA5A7E0-93F4-4A37-8AC6-9957DFB4AA64}.Release|x64.Build.0 = Release|Any CPU
		{5DA5A7E0-93F4-4A37-8AC6-9957DFB4AA64}.Release|x86.ActiveCfg = Release|Any CPU
		{5DA5A7E0-93F4-4A37-8AC6-9957DFB4AA64}.Release|x86.Build.0 = Release|Any CPU
		{55A8DB22-96AD-4954-BF78-9331BDD0E2EE}.Debug|Any CPU.ActiveCfg = Debug|Any CPU
		{55A8DB22-96AD-4954-BF78-9331BDD0E2EE}.Debug|Any CPU.Build.0 = Debug|Any CPU
		{55A8DB22-96AD-4954-BF78-9331BDD0E2EE}.Debug|x64.ActiveCfg = Debug|Any CPU
		{55A8DB22-96AD-4954-BF78-9331BDD0E2EE}.Debug|x64.Build.0 = Debug|Any CPU
		{55A8DB22-96AD-4954-BF78-9331BDD0E2EE}.Debug|x86.ActiveCfg = Debug|Any CPU
		{55A8DB22-96AD-4954-BF78-9331BDD0E2EE}.Debug|x86.Build.0 = Debug|Any CPU
		{55A8DB22-96AD-4954-BF78-9331BDD0E2EE}.Release|Any CPU.ActiveCfg = Release|Any CPU
		{55A8DB22-96AD-4954-BF78-9331BDD0E2EE}.Release|Any CPU.Build.0 = Release|Any CPU
		{55A8DB22-96AD-4954-BF78-9331BDD0E2EE}.Release|x64.ActiveCfg = Release|Any CPU
		{55A8DB22-96AD-4954-BF78-9331BDD0E2EE}.Release|x64.Build.0 = Release|Any CPU
		{55A8DB22-96AD-4954-BF78-9331BDD0E2EE}.Release|x86.ActiveCfg = Release|Any CPU
		{55A8DB22-96AD-4954-BF78-9331BDD0E2EE}.Release|x86.Build.0 = Release|Any CPU
		{7B815EFD-86B3-4AF2-8D82-FB2438AA9AE7}.Debug|Any CPU.ActiveCfg = Debug|Any CPU
		{7B815EFD-86B3-4AF2-8D82-FB2438AA9AE7}.Debug|Any CPU.Build.0 = Debug|Any CPU
		{7B815EFD-86B3-4AF2-8D82-FB2438AA9AE7}.Debug|x64.ActiveCfg = Debug|Any CPU
		{7B815EFD-86B3-4AF2-8D82-FB2438AA9AE7}.Debug|x64.Build.0 = Debug|Any CPU
		{7B815EFD-86B3-4AF2-8D82-FB2438AA9AE7}.Debug|x86.ActiveCfg = Debug|Any CPU
		{7B815EFD-86B3-4AF2-8D82-FB2438AA9AE7}.Debug|x86.Build.0 = Debug|Any CPU
		{7B815EFD-86B3-4AF2-8D82-FB2438AA9AE7}.Release|Any CPU.ActiveCfg = Release|Any CPU
		{7B815EFD-86B3-4AF2-8D82-FB2438AA9AE7}.Release|Any CPU.Build.0 = Release|Any CPU
		{7B815EFD-86B3-4AF2-8D82-FB2438AA9AE7}.Release|x64.ActiveCfg = Release|Any CPU
		{7B815EFD-86B3-4AF2-8D82-FB2438AA9AE7}.Release|x64.Build.0 = Release|Any CPU
		{7B815EFD-86B3-4AF2-8D82-FB2438AA9AE7}.Release|x86.ActiveCfg = Release|Any CPU
		{7B815EFD-86B3-4AF2-8D82-FB2438AA9AE7}.Release|x86.Build.0 = Release|Any CPU
		{099D8AA2-C507-41D5-B020-F51BFAC03EE5}.Debug|Any CPU.ActiveCfg = Debug|Any CPU
		{099D8AA2-C507-41D5-B020-F51BFAC03EE5}.Debug|Any CPU.Build.0 = Debug|Any CPU
		{099D8AA2-C507-41D5-B020-F51BFAC03EE5}.Debug|x64.ActiveCfg = Debug|Any CPU
		{099D8AA2-C507-41D5-B020-F51BFAC03EE5}.Debug|x64.Build.0 = Debug|Any CPU
		{099D8AA2-C507-41D5-B020-F51BFAC03EE5}.Debug|x86.ActiveCfg = Debug|Any CPU
		{099D8AA2-C507-41D5-B020-F51BFAC03EE5}.Debug|x86.Build.0 = Debug|Any CPU
		{099D8AA2-C507-41D5-B020-F51BFAC03EE5}.Release|Any CPU.ActiveCfg = Release|Any CPU
		{099D8AA2-C507-41D5-B020-F51BFAC03EE5}.Release|Any CPU.Build.0 = Release|Any CPU
		{099D8AA2-C507-41D5-B020-F51BFAC03EE5}.Release|x64.ActiveCfg = Release|Any CPU
		{099D8AA2-C507-41D5-B020-F51BFAC03EE5}.Release|x64.Build.0 = Release|Any CPU
		{099D8AA2-C507-41D5-B020-F51BFAC03EE5}.Release|x86.ActiveCfg = Release|Any CPU
		{099D8AA2-C507-41D5-B020-F51BFAC03EE5}.Release|x86.Build.0 = Release|Any CPU
		{69498D56-2B83-46B8-9192-A06DFC320D0E}.Debug|Any CPU.ActiveCfg = Debug|Any CPU
		{69498D56-2B83-46B8-9192-A06DFC320D0E}.Debug|Any CPU.Build.0 = Debug|Any CPU
		{69498D56-2B83-46B8-9192-A06DFC320D0E}.Debug|x64.ActiveCfg = Debug|Any CPU
		{69498D56-2B83-46B8-9192-A06DFC320D0E}.Debug|x64.Build.0 = Debug|Any CPU
		{69498D56-2B83-46B8-9192-A06DFC320D0E}.Debug|x86.ActiveCfg = Debug|Any CPU
		{69498D56-2B83-46B8-9192-A06DFC320D0E}.Debug|x86.Build.0 = Debug|Any CPU
		{69498D56-2B83-46B8-9192-A06DFC320D0E}.Release|Any CPU.ActiveCfg = Release|Any CPU
		{69498D56-2B83-46B8-9192-A06DFC320D0E}.Release|Any CPU.Build.0 = Release|Any CPU
		{69498D56-2B83-46B8-9192-A06DFC320D0E}.Release|x64.ActiveCfg = Release|Any CPU
		{69498D56-2B83-46B8-9192-A06DFC320D0E}.Release|x64.Build.0 = Release|Any CPU
		{69498D56-2B83-46B8-9192-A06DFC320D0E}.Release|x86.ActiveCfg = Release|Any CPU
		{69498D56-2B83-46B8-9192-A06DFC320D0E}.Release|x86.Build.0 = Release|Any CPU
		{9C90AF1F-9D4D-4826-9EC9-8DDC34980F4C}.Debug|Any CPU.ActiveCfg = Debug|Any CPU
		{9C90AF1F-9D4D-4826-9EC9-8DDC34980F4C}.Debug|Any CPU.Build.0 = Debug|Any CPU
		{9C90AF1F-9D4D-4826-9EC9-8DDC34980F4C}.Debug|x64.ActiveCfg = Debug|Any CPU
		{9C90AF1F-9D4D-4826-9EC9-8DDC34980F4C}.Debug|x64.Build.0 = Debug|Any CPU
		{9C90AF1F-9D4D-4826-9EC9-8DDC34980F4C}.Debug|x86.ActiveCfg = Debug|Any CPU
		{9C90AF1F-9D4D-4826-9EC9-8DDC34980F4C}.Debug|x86.Build.0 = Debug|Any CPU
		{9C90AF1F-9D4D-4826-9EC9-8DDC34980F4C}.Release|Any CPU.ActiveCfg = Release|Any CPU
		{9C90AF1F-9D4D-4826-9EC9-8DDC34980F4C}.Release|Any CPU.Build.0 = Release|Any CPU
		{9C90AF1F-9D4D-4826-9EC9-8DDC34980F4C}.Release|x64.ActiveCfg = Release|Any CPU
		{9C90AF1F-9D4D-4826-9EC9-8DDC34980F4C}.Release|x64.Build.0 = Release|Any CPU
		{9C90AF1F-9D4D-4826-9EC9-8DDC34980F4C}.Release|x86.ActiveCfg = Release|Any CPU
		{9C90AF1F-9D4D-4826-9EC9-8DDC34980F4C}.Release|x86.Build.0 = Release|Any CPU
		{E395A501-563C-4D40-B82D-3B2AF2006A3D}.Debug|Any CPU.ActiveCfg = Debug|Any CPU
		{E395A501-563C-4D40-B82D-3B2AF2006A3D}.Debug|Any CPU.Build.0 = Debug|Any CPU
		{E395A501-563C-4D40-B82D-3B2AF2006A3D}.Debug|x64.ActiveCfg = Debug|Any CPU
		{E395A501-563C-4D40-B82D-3B2AF2006A3D}.Debug|x64.Build.0 = Debug|Any CPU
		{E395A501-563C-4D40-B82D-3B2AF2006A3D}.Debug|x86.ActiveCfg = Debug|Any CPU
		{E395A501-563C-4D40-B82D-3B2AF2006A3D}.Debug|x86.Build.0 = Debug|Any CPU
		{E395A501-563C-4D40-B82D-3B2AF2006A3D}.Release|Any CPU.ActiveCfg = Release|Any CPU
		{E395A501-563C-4D40-B82D-3B2AF2006A3D}.Release|Any CPU.Build.0 = Release|Any CPU
		{E395A501-563C-4D40-B82D-3B2AF2006A3D}.Release|x64.ActiveCfg = Release|Any CPU
		{E395A501-563C-4D40-B82D-3B2AF2006A3D}.Release|x64.Build.0 = Release|Any CPU
		{E395A501-563C-4D40-B82D-3B2AF2006A3D}.Release|x86.ActiveCfg = Release|Any CPU
		{E395A501-563C-4D40-B82D-3B2AF2006A3D}.Release|x86.Build.0 = Release|Any CPU
		{A585F742-B2E9-4D55-A760-FF0373266F17}.Debug|Any CPU.ActiveCfg = Debug|Any CPU
		{A585F742-B2E9-4D55-A760-FF0373266F17}.Debug|Any CPU.Build.0 = Debug|Any CPU
		{A585F742-B2E9-4D55-A760-FF0373266F17}.Debug|x64.ActiveCfg = Debug|Any CPU
		{A585F742-B2E9-4D55-A760-FF0373266F17}.Debug|x64.Build.0 = Debug|Any CPU
		{A585F742-B2E9-4D55-A760-FF0373266F17}.Debug|x86.ActiveCfg = Debug|Any CPU
		{A585F742-B2E9-4D55-A760-FF0373266F17}.Debug|x86.Build.0 = Debug|Any CPU
		{A585F742-B2E9-4D55-A760-FF0373266F17}.Release|Any CPU.ActiveCfg = Release|Any CPU
		{A585F742-B2E9-4D55-A760-FF0373266F17}.Release|Any CPU.Build.0 = Release|Any CPU
		{A585F742-B2E9-4D55-A760-FF0373266F17}.Release|x64.ActiveCfg = Release|Any CPU
		{A585F742-B2E9-4D55-A760-FF0373266F17}.Release|x64.Build.0 = Release|Any CPU
		{A585F742-B2E9-4D55-A760-FF0373266F17}.Release|x86.ActiveCfg = Release|Any CPU
		{A585F742-B2E9-4D55-A760-FF0373266F17}.Release|x86.Build.0 = Release|Any CPU
		{64B94EA6-EED7-4C88-8E96-A778C8B5F0D8}.Debug|Any CPU.ActiveCfg = Debug|Any CPU
		{64B94EA6-EED7-4C88-8E96-A778C8B5F0D8}.Debug|Any CPU.Build.0 = Debug|Any CPU
		{64B94EA6-EED7-4C88-8E96-A778C8B5F0D8}.Debug|x64.ActiveCfg = Debug|Any CPU
		{64B94EA6-EED7-4C88-8E96-A778C8B5F0D8}.Debug|x64.Build.0 = Debug|Any CPU
		{64B94EA6-EED7-4C88-8E96-A778C8B5F0D8}.Debug|x86.ActiveCfg = Debug|Any CPU
		{64B94EA6-EED7-4C88-8E96-A778C8B5F0D8}.Debug|x86.Build.0 = Debug|Any CPU
		{64B94EA6-EED7-4C88-8E96-A778C8B5F0D8}.Release|Any CPU.ActiveCfg = Release|Any CPU
		{64B94EA6-EED7-4C88-8E96-A778C8B5F0D8}.Release|Any CPU.Build.0 = Release|Any CPU
		{64B94EA6-EED7-4C88-8E96-A778C8B5F0D8}.Release|x64.ActiveCfg = Release|Any CPU
		{64B94EA6-EED7-4C88-8E96-A778C8B5F0D8}.Release|x64.Build.0 = Release|Any CPU
		{64B94EA6-EED7-4C88-8E96-A778C8B5F0D8}.Release|x86.ActiveCfg = Release|Any CPU
		{64B94EA6-EED7-4C88-8E96-A778C8B5F0D8}.Release|x86.Build.0 = Release|Any CPU
		{9E68A71F-0B98-4C1F-8D58-370728D043B2}.Debug|Any CPU.ActiveCfg = Debug|Any CPU
		{9E68A71F-0B98-4C1F-8D58-370728D043B2}.Debug|Any CPU.Build.0 = Debug|Any CPU
		{9E68A71F-0B98-4C1F-8D58-370728D043B2}.Debug|x64.ActiveCfg = Debug|Any CPU
		{9E68A71F-0B98-4C1F-8D58-370728D043B2}.Debug|x64.Build.0 = Debug|Any CPU
		{9E68A71F-0B98-4C1F-8D58-370728D043B2}.Debug|x86.ActiveCfg = Debug|Any CPU
		{9E68A71F-0B98-4C1F-8D58-370728D043B2}.Debug|x86.Build.0 = Debug|Any CPU
		{9E68A71F-0B98-4C1F-8D58-370728D043B2}.Release|Any CPU.ActiveCfg = Release|Any CPU
		{9E68A71F-0B98-4C1F-8D58-370728D043B2}.Release|Any CPU.Build.0 = Release|Any CPU
		{9E68A71F-0B98-4C1F-8D58-370728D043B2}.Release|x64.ActiveCfg = Release|Any CPU
		{9E68A71F-0B98-4C1F-8D58-370728D043B2}.Release|x64.Build.0 = Release|Any CPU
		{9E68A71F-0B98-4C1F-8D58-370728D043B2}.Release|x86.ActiveCfg = Release|Any CPU
		{9E68A71F-0B98-4C1F-8D58-370728D043B2}.Release|x86.Build.0 = Release|Any CPU
		{3FE7746C-CB16-4F56-9E31-293F26159D34}.Debug|Any CPU.ActiveCfg = Debug|Any CPU
		{3FE7746C-CB16-4F56-9E31-293F26159D34}.Debug|Any CPU.Build.0 = Debug|Any CPU
		{3FE7746C-CB16-4F56-9E31-293F26159D34}.Debug|x64.ActiveCfg = Debug|Any CPU
		{3FE7746C-CB16-4F56-9E31-293F26159D34}.Debug|x64.Build.0 = Debug|Any CPU
		{3FE7746C-CB16-4F56-9E31-293F26159D34}.Debug|x86.ActiveCfg = Debug|Any CPU
		{3FE7746C-CB16-4F56-9E31-293F26159D34}.Debug|x86.Build.0 = Debug|Any CPU
		{3FE7746C-CB16-4F56-9E31-293F26159D34}.Release|Any CPU.ActiveCfg = Release|Any CPU
		{3FE7746C-CB16-4F56-9E31-293F26159D34}.Release|Any CPU.Build.0 = Release|Any CPU
		{3FE7746C-CB16-4F56-9E31-293F26159D34}.Release|x64.ActiveCfg = Release|Any CPU
		{3FE7746C-CB16-4F56-9E31-293F26159D34}.Release|x64.Build.0 = Release|Any CPU
		{3FE7746C-CB16-4F56-9E31-293F26159D34}.Release|x86.ActiveCfg = Release|Any CPU
		{3FE7746C-CB16-4F56-9E31-293F26159D34}.Release|x86.Build.0 = Release|Any CPU
	EndGlobalSection
EndGlobal
