
Microsoft Visual Studio Solution File, Format Version 12.00
# Visual Studio 15
VisualStudioVersion = 15.0.26124.0
MinimumVisualStudioVersion = 15.0.26124.0
Project("{FAE04EC0-301F-11D3-BF4B-00C04F79EFBC}") = "Penguin.Cms.Security.Repositories.Local", "Penguin.Cms.Security.Repositories.Local.csproj", "{17BE0795-0CCF-4CBE-9631-EE2D154941FA}"
EndProject
Project("{FAE04EC0-301F-11D3-BF4B-00C04F79EFBC}") = "Penguin.Cms.Repositories.Local", "..\Penguin.Cms.Repositories\Penguin.Cms.Repositories.Local.csproj", "{947B9CDD-B8EB-4314-99C7-DC7B9132E053}"
EndProject
Project("{FAE04EC0-301F-11D3-BF4B-00C04F79EFBC}") = "Penguin.Cms.Entities.Local", "..\Penguin.Cms.Entities\Penguin.Cms.Entities.Local.csproj", "{8104CD01-068D-439F-8320-38AE93715F97}"
EndProject
Project("{FAE04EC0-301F-11D3-BF4B-00C04F79EFBC}") = "Penguin.Persistence.Abstractions.Local", "..\Penguin.Persistence.Abstractions\Penguin.Persistence.Abstractions.Local.csproj", "{1596931E-DB09-459C-8D4E-27866760FCF8}"
EndProject
Project("{FAE04EC0-301F-11D3-BF4B-00C04F79EFBC}") = "Penguin.Entities.Abstractions.Local", "..\Penguin.Entities.Abstractions\Penguin.Entities.Abstractions.Local.csproj", "{726810F6-62A1-490C-AC07-6FED8A278AEE}"
EndProject
Project("{FAE04EC0-301F-11D3-BF4B-00C04F79EFBC}") = "Penguin.Reflection.Extensions.Local", "..\Penguin.Reflection.Extensions\Penguin.Reflection.Extensions.Local.csproj", "{54EDEB5D-B691-4813-8342-61469B92CB8D}"
EndProject
Project("{FAE04EC0-301F-11D3-BF4B-00C04F79EFBC}") = "Penguin.Extensions.String.Local", "..\Penguin.Extensions.String\Penguin.Extensions.String.Local.csproj", "{65300EA0-BE19-4A65-98FB-3632CEDC1812}"
EndProject
Project("{FAE04EC0-301F-11D3-BF4B-00C04F79EFBC}") = "Penguin.Reflection.Abstractions.Local", "..\Penguin.Reflection.Abstractions\Penguin.Reflection.Abstractions.Local.csproj", "{79B82FB0-2B7E-49A6-B549-7EBB2A13C5A1}"
EndProject
Project("{FAE04EC0-301F-11D3-BF4B-00C04F79EFBC}") = "Penguin.Messaging.Core.Local", "..\Penguin.Messaging.Core\Penguin.Messaging.Core.Local.csproj", "{1D513414-7678-49F9-9C10-BEA260BBFA5B}"
EndProject
Project("{FAE04EC0-301F-11D3-BF4B-00C04F79EFBC}") = "Penguin.Debugging.Local", "..\Penguin.Debugging\Penguin.Debugging.Local.csproj", "{5CE49BCE-C56B-4481-96B8-631BEF4F2287}"
EndProject
Project("{FAE04EC0-301F-11D3-BF4B-00C04F79EFBC}") = "Penguin.Extensions.Exceptions.Local", "..\Penguin.Extensions.Exceptions\Penguin.Extensions.Exceptions.Local.csproj", "{0DE384F2-CD48-4302-BB37-4A8E4C1F881E}"
EndProject
Project("{FAE04EC0-301F-11D3-BF4B-00C04F79EFBC}") = "Penguin.Messaging.Abstractions.Local", "..\Penguin.Messaging.Abstractions\Penguin.Messaging.Abstractions.Local.csproj", "{4A7A44A3-8C84-4A4F-90ED-4ADB0D086732}"
EndProject
Project("{FAE04EC0-301F-11D3-BF4B-00C04F79EFBC}") = "Penguin.Persistence.Repositories.Local", "..\Penguin.Persistence.Repositories\Penguin.Persistence.Repositories.Local.csproj", "{8F74163D-C4F0-49D9-9816-51C41D23F94E}"
EndProject
Project("{FAE04EC0-301F-11D3-BF4B-00C04F79EFBC}") = "Penguin.DependencyInjection.Abstractions.Local", "..\Penguin.DependencyInjection.Abstractions\Penguin.DependencyInjection.Abstractions.Local.csproj", "{F35B9144-1CD8-44E8-80B6-9A8079D0935F}"
EndProject
Project("{FAE04EC0-301F-11D3-BF4B-00C04F79EFBC}") = "Penguin.Messaging.Persistence.Local", "..\Penguin.Messaging.Persistence\Penguin.Messaging.Persistence.Local.csproj", "{9DE97604-0427-4FA8-8F47-E6D8F446A920}"
EndProject
Project("{FAE04EC0-301F-11D3-BF4B-00C04F79EFBC}") = "Penguin.Reflection.Local", "..\Penguin.Reflection\Penguin.Reflection.Local.csproj", "{CA6B4C75-6C9B-43CD-8B88-A2CFC1F591C5}"
EndProject
Project("{FAE04EC0-301F-11D3-BF4B-00C04F79EFBC}") = "Penguin.Cms.Security.Local", "..\Penguin.Cms.Security\Penguin.Cms.Security.Local.csproj", "{ABBCDBED-5EE5-4F1A-A7BE-BFA591E199BF}"
EndProject
Project("{FAE04EC0-301F-11D3-BF4B-00C04F79EFBC}") = "Penguin.Auditing.Abstractions.Local", "..\Penguin.Auditing.Abstractions\Penguin.Auditing.Abstractions.Local.csproj", "{151109B7-4150-4E10-A1D9-9CA04F0752CE}"
EndProject
Project("{FAE04EC0-301F-11D3-BF4B-00C04F79EFBC}") = "Penguin.Cms.Abstractions.Local", "..\Penguin.Cms.Abstractions\Penguin.Cms.Abstractions.Local.csproj", "{5992AAFF-425D-475E-B52D-008F740670F7}"
EndProject
Project("{FAE04EC0-301F-11D3-BF4B-00C04F79EFBC}") = "Penguin.Cms.Email.Abstractions.Local", "..\Penguin.Cms.Email.Abstractions\Penguin.Cms.Email.Abstractions.Local.csproj", "{889D11D1-7D02-4CDB-A9DC-41B8B6F32E68}"
EndProject
Project("{FAE04EC0-301F-11D3-BF4B-00C04F79EFBC}") = "Penguin.Email.Abstractions.Local", "..\Penguin.Email.Abstractions\Penguin.Email.Abstractions.Local.csproj", "{88AFB42B-2090-4984-B980-266C8D8AF439}"
EndProject
Project("{FAE04EC0-301F-11D3-BF4B-00C04F79EFBC}") = "Penguin.Files.Abstractions.Local", "..\Penguin.Files.Abstractions\Penguin.Files.Abstractions.Local.csproj", "{1EC13DC4-962A-4B95-9E84-2ABEFB7AB485}"
EndProject
Project("{FAE04EC0-301F-11D3-BF4B-00C04F79EFBC}") = "Penguin.Email.Templating.Abstractions.Local", "..\Penguin.Email.Templating.Abstractions\Penguin.Email.Templating.Abstractions.Local.csproj", "{32C3C43F-577D-4DDB-8266-8D203E8E22D9}"
EndProject
Project("{FAE04EC0-301F-11D3-BF4B-00C04F79EFBC}") = "Penguin.Templating.Abstractions.Local", "..\Penguin.Templating.Abstractions\Penguin.Templating.Abstractions.Local.csproj", "{7FA73C55-536E-4847-815C-E52C5CCCEED8}"
EndProject
Project("{FAE04EC0-301F-11D3-BF4B-00C04F79EFBC}") = "Penguin.Security.Abstractions.Local", "..\Penguin.Security.Abstractions\Penguin.Security.Abstractions.Local.csproj", "{93A7694B-2B2D-4D68-BFBF-6103F8445352}"
EndProject
Global
	GlobalSection(SolutionConfigurationPlatforms) = preSolution
		Debug|Any CPU = Debug|Any CPU
		Debug|x64 = Debug|x64
		Debug|x86 = Debug|x86
		Release|Any CPU = Release|Any CPU
		Release|x64 = Release|x64
		Release|x86 = Release|x86
	EndGlobalSection
	GlobalSection(SolutionProperties) = preSolution
		HideSolutionNode = FALSE
	EndGlobalSection
	GlobalSection(ProjectConfigurationPlatforms) = postSolution
		{17BE0795-0CCF-4CBE-9631-EE2D154941FA}.Debug|Any CPU.ActiveCfg = Debug|Any CPU
		{17BE0795-0CCF-4CBE-9631-EE2D154941FA}.Debug|Any CPU.Build.0 = Debug|Any CPU
		{17BE0795-0CCF-4CBE-9631-EE2D154941FA}.Debug|x64.ActiveCfg = Debug|Any CPU
		{17BE0795-0CCF-4CBE-9631-EE2D154941FA}.Debug|x64.Build.0 = Debug|Any CPU
		{17BE0795-0CCF-4CBE-9631-EE2D154941FA}.Debug|x86.ActiveCfg = Debug|Any CPU
		{17BE0795-0CCF-4CBE-9631-EE2D154941FA}.Debug|x86.Build.0 = Debug|Any CPU
		{17BE0795-0CCF-4CBE-9631-EE2D154941FA}.Release|Any CPU.ActiveCfg = Release|Any CPU
		{17BE0795-0CCF-4CBE-9631-EE2D154941FA}.Release|Any CPU.Build.0 = Release|Any CPU
		{17BE0795-0CCF-4CBE-9631-EE2D154941FA}.Release|x64.ActiveCfg = Release|Any CPU
		{17BE0795-0CCF-4CBE-9631-EE2D154941FA}.Release|x64.Build.0 = Release|Any CPU
		{17BE0795-0CCF-4CBE-9631-EE2D154941FA}.Release|x86.ActiveCfg = Release|Any CPU
		{17BE0795-0CCF-4CBE-9631-EE2D154941FA}.Release|x86.Build.0 = Release|Any CPU
		{947B9CDD-B8EB-4314-99C7-DC7B9132E053}.Debug|Any CPU.ActiveCfg = Debug|Any CPU
		{947B9CDD-B8EB-4314-99C7-DC7B9132E053}.Debug|Any CPU.Build.0 = Debug|Any CPU
		{947B9CDD-B8EB-4314-99C7-DC7B9132E053}.Debug|x64.ActiveCfg = Debug|Any CPU
		{947B9CDD-B8EB-4314-99C7-DC7B9132E053}.Debug|x64.Build.0 = Debug|Any CPU
		{947B9CDD-B8EB-4314-99C7-DC7B9132E053}.Debug|x86.ActiveCfg = Debug|Any CPU
		{947B9CDD-B8EB-4314-99C7-DC7B9132E053}.Debug|x86.Build.0 = Debug|Any CPU
		{947B9CDD-B8EB-4314-99C7-DC7B9132E053}.Release|Any CPU.ActiveCfg = Release|Any CPU
		{947B9CDD-B8EB-4314-99C7-DC7B9132E053}.Release|Any CPU.Build.0 = Release|Any CPU
		{947B9CDD-B8EB-4314-99C7-DC7B9132E053}.Release|x64.ActiveCfg = Release|Any CPU
		{947B9CDD-B8EB-4314-99C7-DC7B9132E053}.Release|x64.Build.0 = Release|Any CPU
		{947B9CDD-B8EB-4314-99C7-DC7B9132E053}.Release|x86.ActiveCfg = Release|Any CPU
		{947B9CDD-B8EB-4314-99C7-DC7B9132E053}.Release|x86.Build.0 = Release|Any CPU
		{8104CD01-068D-439F-8320-38AE93715F97}.Debug|Any CPU.ActiveCfg = Debug|Any CPU
		{8104CD01-068D-439F-8320-38AE93715F97}.Debug|Any CPU.Build.0 = Debug|Any CPU
		{8104CD01-068D-439F-8320-38AE93715F97}.Debug|x64.ActiveCfg = Debug|Any CPU
		{8104CD01-068D-439F-8320-38AE93715F97}.Debug|x64.Build.0 = Debug|Any CPU
		{8104CD01-068D-439F-8320-38AE93715F97}.Debug|x86.ActiveCfg = Debug|Any CPU
		{8104CD01-068D-439F-8320-38AE93715F97}.Debug|x86.Build.0 = Debug|Any CPU
		{8104CD01-068D-439F-8320-38AE93715F97}.Release|Any CPU.ActiveCfg = Release|Any CPU
		{8104CD01-068D-439F-8320-38AE93715F97}.Release|Any CPU.Build.0 = Release|Any CPU
		{8104CD01-068D-439F-8320-38AE93715F97}.Release|x64.ActiveCfg = Release|Any CPU
		{8104CD01-068D-439F-8320-38AE93715F97}.Release|x64.Build.0 = Release|Any CPU
		{8104CD01-068D-439F-8320-38AE93715F97}.Release|x86.ActiveCfg = Release|Any CPU
		{8104CD01-068D-439F-8320-38AE93715F97}.Release|x86.Build.0 = Release|Any CPU
		{1596931E-DB09-459C-8D4E-27866760FCF8}.Debug|Any CPU.ActiveCfg = Debug|Any CPU
		{1596931E-DB09-459C-8D4E-27866760FCF8}.Debug|Any CPU.Build.0 = Debug|Any CPU
		{1596931E-DB09-459C-8D4E-27866760FCF8}.Debug|x64.ActiveCfg = Debug|Any CPU
		{1596931E-DB09-459C-8D4E-27866760FCF8}.Debug|x64.Build.0 = Debug|Any CPU
		{1596931E-DB09-459C-8D4E-27866760FCF8}.Debug|x86.ActiveCfg = Debug|Any CPU
		{1596931E-DB09-459C-8D4E-27866760FCF8}.Debug|x86.Build.0 = Debug|Any CPU
		{1596931E-DB09-459C-8D4E-27866760FCF8}.Release|Any CPU.ActiveCfg = Release|Any CPU
		{1596931E-DB09-459C-8D4E-27866760FCF8}.Release|Any CPU.Build.0 = Release|Any CPU
		{1596931E-DB09-459C-8D4E-27866760FCF8}.Release|x64.ActiveCfg = Release|Any CPU
		{1596931E-DB09-459C-8D4E-27866760FCF8}.Release|x64.Build.0 = Release|Any CPU
		{1596931E-DB09-459C-8D4E-27866760FCF8}.Release|x86.ActiveCfg = Release|Any CPU
		{1596931E-DB09-459C-8D4E-27866760FCF8}.Release|x86.Build.0 = Release|Any CPU
		{726810F6-62A1-490C-AC07-6FED8A278AEE}.Debug|Any CPU.ActiveCfg = Debug|Any CPU
		{726810F6-62A1-490C-AC07-6FED8A278AEE}.Debug|Any CPU.Build.0 = Debug|Any CPU
		{726810F6-62A1-490C-AC07-6FED8A278AEE}.Debug|x64.ActiveCfg = Debug|Any CPU
		{726810F6-62A1-490C-AC07-6FED8A278AEE}.Debug|x64.Build.0 = Debug|Any CPU
		{726810F6-62A1-490C-AC07-6FED8A278AEE}.Debug|x86.ActiveCfg = Debug|Any CPU
		{726810F6-62A1-490C-AC07-6FED8A278AEE}.Debug|x86.Build.0 = Debug|Any CPU
		{726810F6-62A1-490C-AC07-6FED8A278AEE}.Release|Any CPU.ActiveCfg = Release|Any CPU
		{726810F6-62A1-490C-AC07-6FED8A278AEE}.Release|Any CPU.Build.0 = Release|Any CPU
		{726810F6-62A1-490C-AC07-6FED8A278AEE}.Release|x64.ActiveCfg = Release|Any CPU
		{726810F6-62A1-490C-AC07-6FED8A278AEE}.Release|x64.Build.0 = Release|Any CPU
		{726810F6-62A1-490C-AC07-6FED8A278AEE}.Release|x86.ActiveCfg = Release|Any CPU
		{726810F6-62A1-490C-AC07-6FED8A278AEE}.Release|x86.Build.0 = Release|Any CPU
		{54EDEB5D-B691-4813-8342-61469B92CB8D}.Debug|Any CPU.ActiveCfg = Debug|Any CPU
		{54EDEB5D-B691-4813-8342-61469B92CB8D}.Debug|Any CPU.Build.0 = Debug|Any CPU
		{54EDEB5D-B691-4813-8342-61469B92CB8D}.Debug|x64.ActiveCfg = Debug|Any CPU
		{54EDEB5D-B691-4813-8342-61469B92CB8D}.Debug|x64.Build.0 = Debug|Any CPU
		{54EDEB5D-B691-4813-8342-61469B92CB8D}.Debug|x86.ActiveCfg = Debug|Any CPU
		{54EDEB5D-B691-4813-8342-61469B92CB8D}.Debug|x86.Build.0 = Debug|Any CPU
		{54EDEB5D-B691-4813-8342-61469B92CB8D}.Release|Any CPU.ActiveCfg = Release|Any CPU
		{54EDEB5D-B691-4813-8342-61469B92CB8D}.Release|Any CPU.Build.0 = Release|Any CPU
		{54EDEB5D-B691-4813-8342-61469B92CB8D}.Release|x64.ActiveCfg = Release|Any CPU
		{54EDEB5D-B691-4813-8342-61469B92CB8D}.Release|x64.Build.0 = Release|Any CPU
		{54EDEB5D-B691-4813-8342-61469B92CB8D}.Release|x86.ActiveCfg = Release|Any CPU
		{54EDEB5D-B691-4813-8342-61469B92CB8D}.Release|x86.Build.0 = Release|Any CPU
		{65300EA0-BE19-4A65-98FB-3632CEDC1812}.Debug|Any CPU.ActiveCfg = Debug|Any CPU
		{65300EA0-BE19-4A65-98FB-3632CEDC1812}.Debug|Any CPU.Build.0 = Debug|Any CPU
		{65300EA0-BE19-4A65-98FB-3632CEDC1812}.Debug|x64.ActiveCfg = Debug|Any CPU
		{65300EA0-BE19-4A65-98FB-3632CEDC1812}.Debug|x64.Build.0 = Debug|Any CPU
		{65300EA0-BE19-4A65-98FB-3632CEDC1812}.Debug|x86.ActiveCfg = Debug|Any CPU
		{65300EA0-BE19-4A65-98FB-3632CEDC1812}.Debug|x86.Build.0 = Debug|Any CPU
		{65300EA0-BE19-4A65-98FB-3632CEDC1812}.Release|Any CPU.ActiveCfg = Release|Any CPU
		{65300EA0-BE19-4A65-98FB-3632CEDC1812}.Release|Any CPU.Build.0 = Release|Any CPU
		{65300EA0-BE19-4A65-98FB-3632CEDC1812}.Release|x64.ActiveCfg = Release|Any CPU
		{65300EA0-BE19-4A65-98FB-3632CEDC1812}.Release|x64.Build.0 = Release|Any CPU
		{65300EA0-BE19-4A65-98FB-3632CEDC1812}.Release|x86.ActiveCfg = Release|Any CPU
		{65300EA0-BE19-4A65-98FB-3632CEDC1812}.Release|x86.Build.0 = Release|Any CPU
		{79B82FB0-2B7E-49A6-B549-7EBB2A13C5A1}.Debug|Any CPU.ActiveCfg = Debug|Any CPU
		{79B82FB0-2B7E-49A6-B549-7EBB2A13C5A1}.Debug|Any CPU.Build.0 = Debug|Any CPU
		{79B82FB0-2B7E-49A6-B549-7EBB2A13C5A1}.Debug|x64.ActiveCfg = Debug|Any CPU
		{79B82FB0-2B7E-49A6-B549-7EBB2A13C5A1}.Debug|x64.Build.0 = Debug|Any CPU
		{79B82FB0-2B7E-49A6-B549-7EBB2A13C5A1}.Debug|x86.ActiveCfg = Debug|Any CPU
		{79B82FB0-2B7E-49A6-B549-7EBB2A13C5A1}.Debug|x86.Build.0 = Debug|Any CPU
		{79B82FB0-2B7E-49A6-B549-7EBB2A13C5A1}.Release|Any CPU.ActiveCfg = Release|Any CPU
		{79B82FB0-2B7E-49A6-B549-7EBB2A13C5A1}.Release|Any CPU.Build.0 = Release|Any CPU
		{79B82FB0-2B7E-49A6-B549-7EBB2A13C5A1}.Release|x64.ActiveCfg = Release|Any CPU
		{79B82FB0-2B7E-49A6-B549-7EBB2A13C5A1}.Release|x64.Build.0 = Release|Any CPU
		{79B82FB0-2B7E-49A6-B549-7EBB2A13C5A1}.Release|x86.ActiveCfg = Release|Any CPU
		{79B82FB0-2B7E-49A6-B549-7EBB2A13C5A1}.Release|x86.Build.0 = Release|Any CPU
		{1D513414-7678-49F9-9C10-BEA260BBFA5B}.Debug|Any CPU.ActiveCfg = Debug|Any CPU
		{1D513414-7678-49F9-9C10-BEA260BBFA5B}.Debug|Any CPU.Build.0 = Debug|Any CPU
		{1D513414-7678-49F9-9C10-BEA260BBFA5B}.Debug|x64.ActiveCfg = Debug|Any CPU
		{1D513414-7678-49F9-9C10-BEA260BBFA5B}.Debug|x64.Build.0 = Debug|Any CPU
		{1D513414-7678-49F9-9C10-BEA260BBFA5B}.Debug|x86.ActiveCfg = Debug|Any CPU
		{1D513414-7678-49F9-9C10-BEA260BBFA5B}.Debug|x86.Build.0 = Debug|Any CPU
		{1D513414-7678-49F9-9C10-BEA260BBFA5B}.Release|Any CPU.ActiveCfg = Release|Any CPU
		{1D513414-7678-49F9-9C10-BEA260BBFA5B}.Release|Any CPU.Build.0 = Release|Any CPU
		{1D513414-7678-49F9-9C10-BEA260BBFA5B}.Release|x64.ActiveCfg = Release|Any CPU
		{1D513414-7678-49F9-9C10-BEA260BBFA5B}.Release|x64.Build.0 = Release|Any CPU
		{1D513414-7678-49F9-9C10-BEA260BBFA5B}.Release|x86.ActiveCfg = Release|Any CPU
		{1D513414-7678-49F9-9C10-BEA260BBFA5B}.Release|x86.Build.0 = Release|Any CPU
		{5CE49BCE-C56B-4481-96B8-631BEF4F2287}.Debug|Any CPU.ActiveCfg = Debug|Any CPU
		{5CE49BCE-C56B-4481-96B8-631BEF4F2287}.Debug|Any CPU.Build.0 = Debug|Any CPU
		{5CE49BCE-C56B-4481-96B8-631BEF4F2287}.Debug|x64.ActiveCfg = Debug|Any CPU
		{5CE49BCE-C56B-4481-96B8-631BEF4F2287}.Debug|x64.Build.0 = Debug|Any CPU
		{5CE49BCE-C56B-4481-96B8-631BEF4F2287}.Debug|x86.ActiveCfg = Debug|Any CPU
		{5CE49BCE-C56B-4481-96B8-631BEF4F2287}.Debug|x86.Build.0 = Debug|Any CPU
		{5CE49BCE-C56B-4481-96B8-631BEF4F2287}.Release|Any CPU.ActiveCfg = Release|Any CPU
		{5CE49BCE-C56B-4481-96B8-631BEF4F2287}.Release|Any CPU.Build.0 = Release|Any CPU
		{5CE49BCE-C56B-4481-96B8-631BEF4F2287}.Release|x64.ActiveCfg = Release|Any CPU
		{5CE49BCE-C56B-4481-96B8-631BEF4F2287}.Release|x64.Build.0 = Release|Any CPU
		{5CE49BCE-C56B-4481-96B8-631BEF4F2287}.Release|x86.ActiveCfg = Release|Any CPU
		{5CE49BCE-C56B-4481-96B8-631BEF4F2287}.Release|x86.Build.0 = Release|Any CPU
		{0DE384F2-CD48-4302-BB37-4A8E4C1F881E}.Debug|Any CPU.ActiveCfg = Debug|Any CPU
		{0DE384F2-CD48-4302-BB37-4A8E4C1F881E}.Debug|Any CPU.Build.0 = Debug|Any CPU
		{0DE384F2-CD48-4302-BB37-4A8E4C1F881E}.Debug|x64.ActiveCfg = Debug|Any CPU
		{0DE384F2-CD48-4302-BB37-4A8E4C1F881E}.Debug|x64.Build.0 = Debug|Any CPU
		{0DE384F2-CD48-4302-BB37-4A8E4C1F881E}.Debug|x86.ActiveCfg = Debug|Any CPU
		{0DE384F2-CD48-4302-BB37-4A8E4C1F881E}.Debug|x86.Build.0 = Debug|Any CPU
		{0DE384F2-CD48-4302-BB37-4A8E4C1F881E}.Release|Any CPU.ActiveCfg = Release|Any CPU
		{0DE384F2-CD48-4302-BB37-4A8E4C1F881E}.Release|Any CPU.Build.0 = Release|Any CPU
		{0DE384F2-CD48-4302-BB37-4A8E4C1F881E}.Release|x64.ActiveCfg = Release|Any CPU
		{0DE384F2-CD48-4302-BB37-4A8E4C1F881E}.Release|x64.Build.0 = Release|Any CPU
		{0DE384F2-CD48-4302-BB37-4A8E4C1F881E}.Release|x86.ActiveCfg = Release|Any CPU
		{0DE384F2-CD48-4302-BB37-4A8E4C1F881E}.Release|x86.Build.0 = Release|Any CPU
		{4A7A44A3-8C84-4A4F-90ED-4ADB0D086732}.Debug|Any CPU.ActiveCfg = Debug|Any CPU
		{4A7A44A3-8C84-4A4F-90ED-4ADB0D086732}.Debug|Any CPU.Build.0 = Debug|Any CPU
		{4A7A44A3-8C84-4A4F-90ED-4ADB0D086732}.Debug|x64.ActiveCfg = Debug|Any CPU
		{4A7A44A3-8C84-4A4F-90ED-4ADB0D086732}.Debug|x64.Build.0 = Debug|Any CPU
		{4A7A44A3-8C84-4A4F-90ED-4ADB0D086732}.Debug|x86.ActiveCfg = Debug|Any CPU
		{4A7A44A3-8C84-4A4F-90ED-4ADB0D086732}.Debug|x86.Build.0 = Debug|Any CPU
		{4A7A44A3-8C84-4A4F-90ED-4ADB0D086732}.Release|Any CPU.ActiveCfg = Release|Any CPU
		{4A7A44A3-8C84-4A4F-90ED-4ADB0D086732}.Release|Any CPU.Build.0 = Release|Any CPU
		{4A7A44A3-8C84-4A4F-90ED-4ADB0D086732}.Release|x64.ActiveCfg = Release|Any CPU
		{4A7A44A3-8C84-4A4F-90ED-4ADB0D086732}.Release|x64.Build.0 = Release|Any CPU
		{4A7A44A3-8C84-4A4F-90ED-4ADB0D086732}.Release|x86.ActiveCfg = Release|Any CPU
		{4A7A44A3-8C84-4A4F-90ED-4ADB0D086732}.Release|x86.Build.0 = Release|Any CPU
		{8F74163D-C4F0-49D9-9816-51C41D23F94E}.Debug|Any CPU.ActiveCfg = Debug|Any CPU
		{8F74163D-C4F0-49D9-9816-51C41D23F94E}.Debug|Any CPU.Build.0 = Debug|Any CPU
		{8F74163D-C4F0-49D9-9816-51C41D23F94E}.Debug|x64.ActiveCfg = Debug|Any CPU
		{8F74163D-C4F0-49D9-9816-51C41D23F94E}.Debug|x64.Build.0 = Debug|Any CPU
		{8F74163D-C4F0-49D9-9816-51C41D23F94E}.Debug|x86.ActiveCfg = Debug|Any CPU
		{8F74163D-C4F0-49D9-9816-51C41D23F94E}.Debug|x86.Build.0 = Debug|Any CPU
		{8F74163D-C4F0-49D9-9816-51C41D23F94E}.Release|Any CPU.ActiveCfg = Release|Any CPU
		{8F74163D-C4F0-49D9-9816-51C41D23F94E}.Release|Any CPU.Build.0 = Release|Any CPU
		{8F74163D-C4F0-49D9-9816-51C41D23F94E}.Release|x64.ActiveCfg = Release|Any CPU
		{8F74163D-C4F0-49D9-9816-51C41D23F94E}.Release|x64.Build.0 = Release|Any CPU
		{8F74163D-C4F0-49D9-9816-51C41D23F94E}.Release|x86.ActiveCfg = Release|Any CPU
		{8F74163D-C4F0-49D9-9816-51C41D23F94E}.Release|x86.Build.0 = Release|Any CPU
		{F35B9144-1CD8-44E8-80B6-9A8079D0935F}.Debug|Any CPU.ActiveCfg = Debug|Any CPU
		{F35B9144-1CD8-44E8-80B6-9A8079D0935F}.Debug|Any CPU.Build.0 = Debug|Any CPU
		{F35B9144-1CD8-44E8-80B6-9A8079D0935F}.Debug|x64.ActiveCfg = Debug|Any CPU
		{F35B9144-1CD8-44E8-80B6-9A8079D0935F}.Debug|x64.Build.0 = Debug|Any CPU
		{F35B9144-1CD8-44E8-80B6-9A8079D0935F}.Debug|x86.ActiveCfg = Debug|Any CPU
		{F35B9144-1CD8-44E8-80B6-9A8079D0935F}.Debug|x86.Build.0 = Debug|Any CPU
		{F35B9144-1CD8-44E8-80B6-9A8079D0935F}.Release|Any CPU.ActiveCfg = Release|Any CPU
		{F35B9144-1CD8-44E8-80B6-9A8079D0935F}.Release|Any CPU.Build.0 = Release|Any CPU
		{F35B9144-1CD8-44E8-80B6-9A8079D0935F}.Release|x64.ActiveCfg = Release|Any CPU
		{F35B9144-1CD8-44E8-80B6-9A8079D0935F}.Release|x64.Build.0 = Release|Any CPU
		{F35B9144-1CD8-44E8-80B6-9A8079D0935F}.Release|x86.ActiveCfg = Release|Any CPU
		{F35B9144-1CD8-44E8-80B6-9A8079D0935F}.Release|x86.Build.0 = Release|Any CPU
		{9DE97604-0427-4FA8-8F47-E6D8F446A920}.Debug|Any CPU.ActiveCfg = Debug|Any CPU
		{9DE97604-0427-4FA8-8F47-E6D8F446A920}.Debug|Any CPU.Build.0 = Debug|Any CPU
		{9DE97604-0427-4FA8-8F47-E6D8F446A920}.Debug|x64.ActiveCfg = Debug|Any CPU
		{9DE97604-0427-4FA8-8F47-E6D8F446A920}.Debug|x64.Build.0 = Debug|Any CPU
		{9DE97604-0427-4FA8-8F47-E6D8F446A920}.Debug|x86.ActiveCfg = Debug|Any CPU
		{9DE97604-0427-4FA8-8F47-E6D8F446A920}.Debug|x86.Build.0 = Debug|Any CPU
		{9DE97604-0427-4FA8-8F47-E6D8F446A920}.Release|Any CPU.ActiveCfg = Release|Any CPU
		{9DE97604-0427-4FA8-8F47-E6D8F446A920}.Release|Any CPU.Build.0 = Release|Any CPU
		{9DE97604-0427-4FA8-8F47-E6D8F446A920}.Release|x64.ActiveCfg = Release|Any CPU
		{9DE97604-0427-4FA8-8F47-E6D8F446A920}.Release|x64.Build.0 = Release|Any CPU
		{9DE97604-0427-4FA8-8F47-E6D8F446A920}.Release|x86.ActiveCfg = Release|Any CPU
		{9DE97604-0427-4FA8-8F47-E6D8F446A920}.Release|x86.Build.0 = Release|Any CPU
		{CA6B4C75-6C9B-43CD-8B88-A2CFC1F591C5}.Debug|Any CPU.ActiveCfg = Debug|Any CPU
		{CA6B4C75-6C9B-43CD-8B88-A2CFC1F591C5}.Debug|Any CPU.Build.0 = Debug|Any CPU
		{CA6B4C75-6C9B-43CD-8B88-A2CFC1F591C5}.Debug|x64.ActiveCfg = Debug|Any CPU
		{CA6B4C75-6C9B-43CD-8B88-A2CFC1F591C5}.Debug|x64.Build.0 = Debug|Any CPU
		{CA6B4C75-6C9B-43CD-8B88-A2CFC1F591C5}.Debug|x86.ActiveCfg = Debug|Any CPU
		{CA6B4C75-6C9B-43CD-8B88-A2CFC1F591C5}.Debug|x86.Build.0 = Debug|Any CPU
		{CA6B4C75-6C9B-43CD-8B88-A2CFC1F591C5}.Release|Any CPU.ActiveCfg = Release|Any CPU
		{CA6B4C75-6C9B-43CD-8B88-A2CFC1F591C5}.Release|Any CPU.Build.0 = Release|Any CPU
		{CA6B4C75-6C9B-43CD-8B88-A2CFC1F591C5}.Release|x64.ActiveCfg = Release|Any CPU
		{CA6B4C75-6C9B-43CD-8B88-A2CFC1F591C5}.Release|x64.Build.0 = Release|Any CPU
		{CA6B4C75-6C9B-43CD-8B88-A2CFC1F591C5}.Release|x86.ActiveCfg = Release|Any CPU
		{CA6B4C75-6C9B-43CD-8B88-A2CFC1F591C5}.Release|x86.Build.0 = Release|Any CPU
		{ABBCDBED-5EE5-4F1A-A7BE-BFA591E199BF}.Debug|Any CPU.ActiveCfg = Debug|Any CPU
		{ABBCDBED-5EE5-4F1A-A7BE-BFA591E199BF}.Debug|Any CPU.Build.0 = Debug|Any CPU
		{ABBCDBED-5EE5-4F1A-A7BE-BFA591E199BF}.Debug|x64.ActiveCfg = Debug|Any CPU
		{ABBCDBED-5EE5-4F1A-A7BE-BFA591E199BF}.Debug|x64.Build.0 = Debug|Any CPU
		{ABBCDBED-5EE5-4F1A-A7BE-BFA591E199BF}.Debug|x86.ActiveCfg = Debug|Any CPU
		{ABBCDBED-5EE5-4F1A-A7BE-BFA591E199BF}.Debug|x86.Build.0 = Debug|Any CPU
		{ABBCDBED-5EE5-4F1A-A7BE-BFA591E199BF}.Release|Any CPU.ActiveCfg = Release|Any CPU
		{ABBCDBED-5EE5-4F1A-A7BE-BFA591E199BF}.Release|Any CPU.Build.0 = Release|Any CPU
		{ABBCDBED-5EE5-4F1A-A7BE-BFA591E199BF}.Release|x64.ActiveCfg = Release|Any CPU
		{ABBCDBED-5EE5-4F1A-A7BE-BFA591E199BF}.Release|x64.Build.0 = Release|Any CPU
		{ABBCDBED-5EE5-4F1A-A7BE-BFA591E199BF}.Release|x86.ActiveCfg = Release|Any CPU
		{ABBCDBED-5EE5-4F1A-A7BE-BFA591E199BF}.Release|x86.Build.0 = Release|Any CPU
		{151109B7-4150-4E10-A1D9-9CA04F0752CE}.Debug|Any CPU.ActiveCfg = Debug|Any CPU
		{151109B7-4150-4E10-A1D9-9CA04F0752CE}.Debug|Any CPU.Build.0 = Debug|Any CPU
		{151109B7-4150-4E10-A1D9-9CA04F0752CE}.Debug|x64.ActiveCfg = Debug|Any CPU
		{151109B7-4150-4E10-A1D9-9CA04F0752CE}.Debug|x64.Build.0 = Debug|Any CPU
		{151109B7-4150-4E10-A1D9-9CA04F0752CE}.Debug|x86.ActiveCfg = Debug|Any CPU
		{151109B7-4150-4E10-A1D9-9CA04F0752CE}.Debug|x86.Build.0 = Debug|Any CPU
		{151109B7-4150-4E10-A1D9-9CA04F0752CE}.Release|Any CPU.ActiveCfg = Release|Any CPU
		{151109B7-4150-4E10-A1D9-9CA04F0752CE}.Release|Any CPU.Build.0 = Release|Any CPU
		{151109B7-4150-4E10-A1D9-9CA04F0752CE}.Release|x64.ActiveCfg = Release|Any CPU
		{151109B7-4150-4E10-A1D9-9CA04F0752CE}.Release|x64.Build.0 = Release|Any CPU
		{151109B7-4150-4E10-A1D9-9CA04F0752CE}.Release|x86.ActiveCfg = Release|Any CPU
		{151109B7-4150-4E10-A1D9-9CA04F0752CE}.Release|x86.Build.0 = Release|Any CPU
		{5992AAFF-425D-475E-B52D-008F740670F7}.Debug|Any CPU.ActiveCfg = Debug|Any CPU
		{5992AAFF-425D-475E-B52D-008F740670F7}.Debug|Any CPU.Build.0 = Debug|Any CPU
		{5992AAFF-425D-475E-B52D-008F740670F7}.Debug|x64.ActiveCfg = Debug|Any CPU
		{5992AAFF-425D-475E-B52D-008F740670F7}.Debug|x64.Build.0 = Debug|Any CPU
		{5992AAFF-425D-475E-B52D-008F740670F7}.Debug|x86.ActiveCfg = Debug|Any CPU
		{5992AAFF-425D-475E-B52D-008F740670F7}.Debug|x86.Build.0 = Debug|Any CPU
		{5992AAFF-425D-475E-B52D-008F740670F7}.Release|Any CPU.ActiveCfg = Release|Any CPU
		{5992AAFF-425D-475E-B52D-008F740670F7}.Release|Any CPU.Build.0 = Release|Any CPU
		{5992AAFF-425D-475E-B52D-008F740670F7}.Release|x64.ActiveCfg = Release|Any CPU
		{5992AAFF-425D-475E-B52D-008F740670F7}.Release|x64.Build.0 = Release|Any CPU
		{5992AAFF-425D-475E-B52D-008F740670F7}.Release|x86.ActiveCfg = Release|Any CPU
		{5992AAFF-425D-475E-B52D-008F740670F7}.Release|x86.Build.0 = Release|Any CPU
		{889D11D1-7D02-4CDB-A9DC-41B8B6F32E68}.Debug|Any CPU.ActiveCfg = Debug|Any CPU
		{889D11D1-7D02-4CDB-A9DC-41B8B6F32E68}.Debug|Any CPU.Build.0 = Debug|Any CPU
		{889D11D1-7D02-4CDB-A9DC-41B8B6F32E68}.Debug|x64.ActiveCfg = Debug|Any CPU
		{889D11D1-7D02-4CDB-A9DC-41B8B6F32E68}.Debug|x64.Build.0 = Debug|Any CPU
		{889D11D1-7D02-4CDB-A9DC-41B8B6F32E68}.Debug|x86.ActiveCfg = Debug|Any CPU
		{889D11D1-7D02-4CDB-A9DC-41B8B6F32E68}.Debug|x86.Build.0 = Debug|Any CPU
		{889D11D1-7D02-4CDB-A9DC-41B8B6F32E68}.Release|Any CPU.ActiveCfg = Release|Any CPU
		{889D11D1-7D02-4CDB-A9DC-41B8B6F32E68}.Release|Any CPU.Build.0 = Release|Any CPU
		{889D11D1-7D02-4CDB-A9DC-41B8B6F32E68}.Release|x64.ActiveCfg = Release|Any CPU
		{889D11D1-7D02-4CDB-A9DC-41B8B6F32E68}.Release|x64.Build.0 = Release|Any CPU
		{889D11D1-7D02-4CDB-A9DC-41B8B6F32E68}.Release|x86.ActiveCfg = Release|Any CPU
		{889D11D1-7D02-4CDB-A9DC-41B8B6F32E68}.Release|x86.Build.0 = Release|Any CPU
		{88AFB42B-2090-4984-B980-266C8D8AF439}.Debug|Any CPU.ActiveCfg = Debug|Any CPU
		{88AFB42B-2090-4984-B980-266C8D8AF439}.Debug|Any CPU.Build.0 = Debug|Any CPU
		{88AFB42B-2090-4984-B980-266C8D8AF439}.Debug|x64.ActiveCfg = Debug|Any CPU
		{88AFB42B-2090-4984-B980-266C8D8AF439}.Debug|x64.Build.0 = Debug|Any CPU
		{88AFB42B-2090-4984-B980-266C8D8AF439}.Debug|x86.ActiveCfg = Debug|Any CPU
		{88AFB42B-2090-4984-B980-266C8D8AF439}.Debug|x86.Build.0 = Debug|Any CPU
		{88AFB42B-2090-4984-B980-266C8D8AF439}.Release|Any CPU.ActiveCfg = Release|Any CPU
		{88AFB42B-2090-4984-B980-266C8D8AF439}.Release|Any CPU.Build.0 = Release|Any CPU
		{88AFB42B-2090-4984-B980-266C8D8AF439}.Release|x64.ActiveCfg = Release|Any CPU
		{88AFB42B-2090-4984-B980-266C8D8AF439}.Release|x64.Build.0 = Release|Any CPU
		{88AFB42B-2090-4984-B980-266C8D8AF439}.Release|x86.ActiveCfg = Release|Any CPU
		{88AFB42B-2090-4984-B980-266C8D8AF439}.Release|x86.Build.0 = Release|Any CPU
		{1EC13DC4-962A-4B95-9E84-2ABEFB7AB485}.Debug|Any CPU.ActiveCfg = Debug|Any CPU
		{1EC13DC4-962A-4B95-9E84-2ABEFB7AB485}.Debug|Any CPU.Build.0 = Debug|Any CPU
		{1EC13DC4-962A-4B95-9E84-2ABEFB7AB485}.Debug|x64.ActiveCfg = Debug|Any CPU
		{1EC13DC4-962A-4B95-9E84-2ABEFB7AB485}.Debug|x64.Build.0 = Debug|Any CPU
		{1EC13DC4-962A-4B95-9E84-2ABEFB7AB485}.Debug|x86.ActiveCfg = Debug|Any CPU
		{1EC13DC4-962A-4B95-9E84-2ABEFB7AB485}.Debug|x86.Build.0 = Debug|Any CPU
		{1EC13DC4-962A-4B95-9E84-2ABEFB7AB485}.Release|Any CPU.ActiveCfg = Release|Any CPU
		{1EC13DC4-962A-4B95-9E84-2ABEFB7AB485}.Release|Any CPU.Build.0 = Release|Any CPU
		{1EC13DC4-962A-4B95-9E84-2ABEFB7AB485}.Release|x64.ActiveCfg = Release|Any CPU
		{1EC13DC4-962A-4B95-9E84-2ABEFB7AB485}.Release|x64.Build.0 = Release|Any CPU
		{1EC13DC4-962A-4B95-9E84-2ABEFB7AB485}.Release|x86.ActiveCfg = Release|Any CPU
		{1EC13DC4-962A-4B95-9E84-2ABEFB7AB485}.Release|x86.Build.0 = Release|Any CPU
		{32C3C43F-577D-4DDB-8266-8D203E8E22D9}.Debug|Any CPU.ActiveCfg = Debug|Any CPU
		{32C3C43F-577D-4DDB-8266-8D203E8E22D9}.Debug|Any CPU.Build.0 = Debug|Any CPU
		{32C3C43F-577D-4DDB-8266-8D203E8E22D9}.Debug|x64.ActiveCfg = Debug|Any CPU
		{32C3C43F-577D-4DDB-8266-8D203E8E22D9}.Debug|x64.Build.0 = Debug|Any CPU
		{32C3C43F-577D-4DDB-8266-8D203E8E22D9}.Debug|x86.ActiveCfg = Debug|Any CPU
		{32C3C43F-577D-4DDB-8266-8D203E8E22D9}.Debug|x86.Build.0 = Debug|Any CPU
		{32C3C43F-577D-4DDB-8266-8D203E8E22D9}.Release|Any CPU.ActiveCfg = Release|Any CPU
		{32C3C43F-577D-4DDB-8266-8D203E8E22D9}.Release|Any CPU.Build.0 = Release|Any CPU
		{32C3C43F-577D-4DDB-8266-8D203E8E22D9}.Release|x64.ActiveCfg = Release|Any CPU
		{32C3C43F-577D-4DDB-8266-8D203E8E22D9}.Release|x64.Build.0 = Release|Any CPU
		{32C3C43F-577D-4DDB-8266-8D203E8E22D9}.Release|x86.ActiveCfg = Release|Any CPU
		{32C3C43F-577D-4DDB-8266-8D203E8E22D9}.Release|x86.Build.0 = Release|Any CPU
		{7FA73C55-536E-4847-815C-E52C5CCCEED8}.Debug|Any CPU.ActiveCfg = Debug|Any CPU
		{7FA73C55-536E-4847-815C-E52C5CCCEED8}.Debug|Any CPU.Build.0 = Debug|Any CPU
		{7FA73C55-536E-4847-815C-E52C5CCCEED8}.Debug|x64.ActiveCfg = Debug|Any CPU
		{7FA73C55-536E-4847-815C-E52C5CCCEED8}.Debug|x64.Build.0 = Debug|Any CPU
		{7FA73C55-536E-4847-815C-E52C5CCCEED8}.Debug|x86.ActiveCfg = Debug|Any CPU
		{7FA73C55-536E-4847-815C-E52C5CCCEED8}.Debug|x86.Build.0 = Debug|Any CPU
		{7FA73C55-536E-4847-815C-E52C5CCCEED8}.Release|Any CPU.ActiveCfg = Release|Any CPU
		{7FA73C55-536E-4847-815C-E52C5CCCEED8}.Release|Any CPU.Build.0 = Release|Any CPU
		{7FA73C55-536E-4847-815C-E52C5CCCEED8}.Release|x64.ActiveCfg = Release|Any CPU
		{7FA73C55-536E-4847-815C-E52C5CCCEED8}.Release|x64.Build.0 = Release|Any CPU
		{7FA73C55-536E-4847-815C-E52C5CCCEED8}.Release|x86.ActiveCfg = Release|Any CPU
		{7FA73C55-536E-4847-815C-E52C5CCCEED8}.Release|x86.Build.0 = Release|Any CPU
		{93A7694B-2B2D-4D68-BFBF-6103F8445352}.Debug|Any CPU.ActiveCfg = Debug|Any CPU
		{93A7694B-2B2D-4D68-BFBF-6103F8445352}.Debug|Any CPU.Build.0 = Debug|Any CPU
		{93A7694B-2B2D-4D68-BFBF-6103F8445352}.Debug|x64.ActiveCfg = Debug|Any CPU
		{93A7694B-2B2D-4D68-BFBF-6103F8445352}.Debug|x64.Build.0 = Debug|Any CPU
		{93A7694B-2B2D-4D68-BFBF-6103F8445352}.Debug|x86.ActiveCfg = Debug|Any CPU
		{93A7694B-2B2D-4D68-BFBF-6103F8445352}.Debug|x86.Build.0 = Debug|Any CPU
		{93A7694B-2B2D-4D68-BFBF-6103F8445352}.Release|Any CPU.ActiveCfg = Release|Any CPU
		{93A7694B-2B2D-4D68-BFBF-6103F8445352}.Release|Any CPU.Build.0 = Release|Any CPU
		{93A7694B-2B2D-4D68-BFBF-6103F8445352}.Release|x64.ActiveCfg = Release|Any CPU
		{93A7694B-2B2D-4D68-BFBF-6103F8445352}.Release|x64.Build.0 = Release|Any CPU
		{93A7694B-2B2D-4D68-BFBF-6103F8445352}.Release|x86.ActiveCfg = Release|Any CPU
		{93A7694B-2B2D-4D68-BFBF-6103F8445352}.Release|x86.Build.0 = Release|Any CPU
	EndGlobalSection
EndGlobal
