
Microsoft Visual Studio Solution File, Format Version 12.00
# Visual Studio Version 16
VisualStudioVersion = 16.0.29215.179
MinimumVisualStudioVersion = 10.0.40219.1
Project("{9A19103F-16F7-4668-BE54-9A1E7A4F7556}") = "Penguin.Cms.Security.Repositories", "Penguin.Cms.Security.Repositories.csproj", "{FC414252-F5AC-4AE2-98FF-53EA92331AC6}"
EndProject
Global
	GlobalSection(SolutionConfigurationPlatforms) = preSolution
		Debug|Any CPU = Debug|Any CPU
		Release|Any CPU = Release|Any CPU
	EndGlobalSection
	GlobalSection(ProjectConfigurationPlatforms) = postSolution
		{FC414252-F5AC-4AE2-98FF-53EA92331AC6}.Debug|Any CPU.ActiveCfg = Debug|Any CPU
		{FC414252-F5AC-4AE2-98FF-53EA92331AC6}.Debug|Any CPU.Build.0 = Debug|Any CPU
		{FC414252-F5AC-4AE2-98FF-53EA92331AC6}.Release|Any CPU.ActiveCfg = Release|Any CPU
		{FC414252-F5AC-4AE2-98FF-53EA92331AC6}.Release|Any CPU.Build.0 = Release|Any CPU
	EndGlobalSection
	GlobalSection(SolutionProperties) = preSolution
		HideSolutionNode = FALSE
	EndGlobalSection
	GlobalSection(ExtensibilityGlobals) = postSolution
		SolutionGuid = {61F74BC2-7F2F-4230-81E2-A85FDFEC8C8C}
	EndGlobalSection
EndGlobal
